{
  "name": "CamRole",
  "version": "1.0.0",
  "lockfileVersion": 1,
  "requires": true,
  "dependencies": {
    "@discordjs/builders": {
      "version": "0.16.0",
      "resolved": "https://registry.npmjs.org/@discordjs/builders/-/builders-0.16.0.tgz",
      "integrity": "sha512-9/NCiZrLivgRub2/kBc0Vm5pMBE5AUdYbdXsLu/yg9ANgvnaJ0bZKTY8yYnLbsEc/LYUP79lEIdC73qEYhWq7A==",
      "requires": {
        "@sapphire/shapeshift": "^3.9.2",
        "discord-api-types": "^0.37.50",
        "fast-deep-equal": "^3.1.3",
        "ts-mixer": "^6.0.3",
        "tslib": "^2.6.2"
      }
    },
    "@discordjs/collection": {
      "version": "1.5.3",
      "resolved": "https://registry.npmjs.org/@discordjs/collection/-/collection-1.5.3.tgz",
      "integrity": "sha512-SVb428OMd3WO1paV3rm6tSjM4wC+Kecaa1EUGX7vc6/fddvw/6lg90z4QtCqm21zvVe92vMMDt9+DkIvjXImQQ=="
    },
    "@sapphire/async-queue": {
      "version": "1.5.0",
      "resolved": "https://registry.npmjs.org/@sapphire/async-queue/-/async-queue-1.5.0.tgz",
      "integrity": "sha512-JkLdIsP8fPAdh9ZZjrbHWR/+mZj0wvKS5ICibcLrRI1j84UmLMshx5n9QmL8b95d4onJ2xxiyugTgSAX7AalmA=="
    },
    "@sapphire/shapeshift": {
      "version": "3.9.2",
      "resolved": "https://registry.npmjs.org/@sapphire/shapeshift/-/shapeshift-3.9.2.tgz",
      "integrity": "sha512-YRbCXWy969oGIdqR/wha62eX8GNHsvyYi0Rfd4rNW6tSVVa8p0ELiMEuOH/k8rgtvRoM+EMV7Csqz77YdwiDpA==",
      "requires": {
        "fast-deep-equal": "^3.1.3",
        "lodash": "^4.17.21"
      }
    },
    "@discordjs/formatters": {
      "version": "0.3.2",
      "resolved": "https://registry.npmjs.org/@discordjs/formatters/-/formatters-0.3.2.tgz",
      "integrity": "sha512-lE++JZK8LSSDRM5nLjhuvWhGuKiXqu+JZ/DsOR89DVVia3z9fdCJVcHF2W/1Zxgq0re7kCzmAJlCMMX3tetKpA==",
      "requires": {
        "discord-api-types": "^0.37.50"
      }
    },
    "@discordjs/rest": {
      "version": "2.0.1",
      "resolved": "https://registry.npmjs.org/@discordjs/rest/-/rest-2.0.1.tgz",
      "integrity": "sha512-/eWAdDRvwX/rIE2tuQUmKaxmWeHmGealttIzGzlYfI4+a7y9b6ZoMp8BG/jaohs8D8iEnCNYaZiOFLVFLQb8Zg==",
      "requires": {
        "@discordjs/collection": "^1.5.3",
        "@discordjs/util": "^1.0.1",
        "@sapphire/async-queue": "^1.5.0",
        "@sapphire/snowflake": "^3.5.1",
        "@vladfrangu/async_event_emitter": "^2.2.2",
        "discord-api-types": "^0.37.50",
        "magic-bytes.js": "^1.0.15",
        "superagent": "^7.5.1",
        "undici": "^6.6.2"
      }
    },
    "@discordjs/util": {
      "version": "1.0.1",
      "resolved": "https://registry.npmjs.org/@discordjs/util/-/util-1.0.1.tgz",
      "integrity": "sha512-qaoP92upS11Ppw7r1QVrlHsaR5bvf4V7wsfNtvohZAlI7NHi6xrXVvMHHMDIJOh8ScMgk4zh5pnNs4KxmiB4Qg=="
    },
    "@vladfrangu/async_event_emitter": {
      "version": "2.2.2",
      "resolved": "https://registry.npmjs.org/@vladfrangu/async_event_emitter/-/async_event_emitter-2.2.2.tgz",
      "integrity": "sha512-MeX5a0i4v6oljCb84uxezZy/2z6IMaS57V9qOeX4u+uQ7Eo13bt8rE5V1HlxumqqVf6L6w1OcvAZUo8PM4o7jQ=="
    },
    "discord-api-types": {
      "version": "0.37.50",
      "resolved": "https://registry.npmjs.org/discord-api-types/-/discord-api-types-0.37.50.tgz",
      "integrity": "sha512-3ypU77vdDx8sUyTmTbf1tL5Ob7/2uQCO3StmV7idI+AV6IK5RrAjLhsuZ+/6Pm71dmX9YIudgYKZ9sFnR2R04g=="
    },
    "fast-deep-equal": {
      "version": "3.1.3",
      "resolved": "https://registry.npmjs.org/fast-deep-equal/-/fast-deep-equal-3.1.3.tgz",
      "integrity": "sha512-f3qQ9oQy9j2AhBe/H9VC91wLmKBCCU/gDOnKNAYG5hswO7BLKj09Hc5HYNz9cGI++xlpDCIgDaitVs03ATR84Q=="
    },
    "lodash": {
      "version": "4.17.21",
      "resolved": "https://registry.npmjs.org/lodash/-/lodash-4.17.21.tgz",
      "integrity": "sha512-v2kDEe57lecTulaDIuNTPy3Ry4gLGJ6Z1O3vE1krgXZNrsQ+LFTGHVxVjcXft4wE2ZCa0DfnV0XZfrv6tf+Qqg=="
    },
    "magic-bytes.js": {
      "version": "1.0.15",
      "resolved": "https://registry.npmjs.org/magic-bytes.js/-/magic-bytes.js-1.0.15.tgz",
      "integrity": "sha512-3UgSQ3y3oeGv3Wb2tvLLymT3bTmJgphxkQo6RmN+rzMBw/8fHxWbXc9tXe4cVQ7GbH2xJ4KsJwfqbzWsBItS9Q=="
    },
    "superagent": {
      "version": "7.5.1",
      "resolved": "https://registry.npmjs.org/superagent/-/superagent-7.5.1.tgz",
      "integrity": "sha512-9ezlpxe0ge8yv64egkh9JdAnww9zD9TjRIeVR5aFo63xSDF9a5W7bGOvRrSe2hFt5FqQc0UCotXO3hjGn4j+uA=="
    },
    "ts-mixer": {
      "version": "6.0.3",
      "resolved": "https://registry.npmjs.org/ts-mixer/-/ts-mixer-6.0.3.tgz",
      "integrity": "sha512-6QLQSR6hzBnfs9F5Y8LHIZ2CPClqJ4B+ebmODC7rf9U4ky5iUdJYD3C1cF0e6bsJjU+IDjNsx7Q28/F+ZxVDlw=="
    },
    "tslib": {
      "version": "2.6.2",
      "resolved": "https://registry.npmjs.org/tslib/-/tslib-2.6.2.tgz",
      "integrity": "sha512-Sjaoe9fNSN9v4Cj3Rhu4fZmcFrLHM3IbeKJV7/BJS2b8g38kskxBZAFeXLvSbQLAp7nLgI3GpxAfV9S1k6o2QA=="
    },
    "undici": {
      "version": "6.6.2",
      "resolved": "https://registry.npmjs.org/undici/-/undici-6.6.2.tgz",
      "integrity": "sha512-kzQlhgzlCZqV0OwquRNjG0Kv+Z22tm8SINlTIsou5MjQ5L8MqB8XcpUJX2+n29Gvl2j9LUT8gBrjD8JfHw/zgA=="
    }
  }
}
